// !$*UTF8*$!
{
	archiveVersion = 1;
	classes = {
	};
	objectVersion = 50;
	objects = {

/* Begin PBXBuildFile section */
		69912FB922CE920D00841E77 /* AppDelegate.swift in Sources */ = {isa = PBXBuildFile; fileRef = 69912FB822CE920D00841E77 /* AppDelegate.swift */; };
		69912FBB22CE920D00841E77 /* ViewController.swift in Sources */ = {isa = PBXBuildFile; fileRef = 69912FBA22CE920D00841E77 /* ViewController.swift */; };
		69912FBE22CE920D00841E77 /* Main.storyboard in Resources */ = {isa = PBXBuildFile; fileRef = 69912FBC22CE920D00841E77 /* Main.storyboard */; };
		69912FC022CE920F00841E77 /* Assets.xcassets in Resources */ = {isa = PBXBuildFile; fileRef = 69912FBF22CE920F00841E77 /* Assets.xcassets */; };
		69912FC322CE920F00841E77 /* LaunchScreen.storyboard in Resources */ = {isa = PBXBuildFile; fileRef = 69912FC122CE920F00841E77 /* LaunchScreen.storyboard */; };
		69912FCE22CE920F00841E77 /* AutoLayout1Tests.swift in Sources */ = {isa = PBXBuildFile; fileRef = 69912FCD22CE920F00841E77 /* AutoLayout1Tests.swift */; };
		69912FD922CE920F00841E77 /* AutoLayout1UITests.swift in Sources */ = {isa = PBXBuildFile; fileRef = 69912FD822CE920F00841E77 /* AutoLayout1UITests.swift */; };
/* End PBXBuildFile section */

/* Begin PBXContainerItemProxy section */
		69912FCA22CE920F00841E77 /* PBXContainerItemProxy */ = {
			isa = PBXContainerItemProxy;
			containerPortal = 69912FAD22CE920D00841E77 /* Project object */;
			proxyType = 1;
			remoteGlobalIDString = 69912FB422CE920D00841E77;
			remoteInfo = AutoLayout1;
		};
		69912FD522CE920F00841E77 /* PBXContainerItemProxy */ = {
			isa = PBXContainerItemProxy;
			containerPortal = 69912FAD22CE920D00841E77 /* Project object */;
			proxyType = 1;
			remoteGlobalIDString = 69912FB422CE920D00841E77;
			remoteInfo = AutoLayout1;
		};
/* End PBXContainerItemProxy section */

/* Begin PBXFileReference section */
		69912FB522CE920D00841E77 /* AutoLayout1.app */ = {isa = PBXFileReference; explicitFileType = wrapper.application; includeInIndex = 0; path = AutoLayout1.app; sourceTree = BUILT_PRODUCTS_DIR; };
		69912FB822CE920D00841E77 /* AppDelegate.swift */ = {isa = PBXFileReference; lastKnownFileType = sourcecode.swift; path = AppDelegate.swift; sourceTree = "<group>"; };
		69912FBA22CE920D00841E77 /* ViewController.swift */ = {isa = PBXFileReference; lastKnownFileType = sourcecode.swift; path = ViewController.swift; sourceTree = "<group>"; };
		69912FBD22CE920D00841E77 /* Base */ = {isa = PBXFileReference; lastKnownFileType = file.storyboard; name = Base; path = Base.lproj/Main.storyboard; sourceTree = "<group>"; };
		69912FBF22CE920F00841E77 /* Assets.xcassets */ = {isa = PBXFileReference; lastKnownFileType = folder.assetcatalog; path = Assets.xcassets; sourceTree = "<group>"; };
		69912FC222CE920F00841E77 /* Base */ = {isa = PBXFileReference; lastKnownFileType = file.storyboard; name = Base; path = Base.lproj/LaunchScreen.storyboard; sourceTree = "<group>"; };
		69912FC422CE920F00841E77 /* Info.plist */ = {isa = PBXFileReference; lastKnownFileType = text.plist.xml; path = Info.plist; sourceTree = "<group>"; };
		69912FC922CE920F00841E77 /* AutoLayout1Tests.xctest */ = {isa = PBXFileReference; explicitFileType = wrapper.cfbundle; includeInIndex = 0; path = AutoLayout1Tests.xctest; sourceTree = BUILT_PRODUCTS_DIR; };
		69912FCD22CE920F00841E77 /* AutoLayout1Tests.swift */ = {isa = PBXFileReference; lastKnownFileType = sourcecode.swift; path = AutoLayout1Tests.swift; sourceTree = "<group>"; };
		69912FCF22CE920F00841E77 /* Info.plist */ = {isa = PBXFileReference; lastKnownFileType = text.plist.xml; path = Info.plist; sourceTree = "<group>"; };
		69912FD422CE920F00841E77 /* AutoLayout1UITests.xctest */ = {isa = PBXFileReference; explicitFileType = wrapper.cfbundle; includeInIndex = 0; path = AutoLayout1UITests.xctest; sourceTree = BUILT_PRODUCTS_DIR; };
		69912FD822CE920F00841E77 /* AutoLayout1UITests.swift */ = {isa = PBXFileReference; lastKnownFileType = sourcecode.swift; path = AutoLayout1UITests.swift; sourceTree = "<group>"; };
		69912FDA22CE920F00841E77 /* Info.plist */ = {isa = PBXFileReference; lastKnownFileType = text.plist.xml; path = Info.plist; sourceTree = "<group>"; };
/* End PBXFileReference section */

/* Begin PBXFrameworksBuildPhase section */
		69912FB222CE920D00841E77 /* Frameworks */ = {
			isa = PBXFrameworksBuildPhase;
			buildActionMask = 2147483647;
			files = (
			);
			runOnlyForDeploymentPostprocessing = 0;
		};
		69912FC622CE920F00841E77 /* Frameworks */ = {
			isa = PBXFrameworksBuildPhase;
			buildActionMask = 2147483647;
			files = (
			);
			runOnlyForDeploymentPostprocessing = 0;
		};
		69912FD122CE920F00841E77 /* Frameworks */ = {
			isa = PBXFrameworksBuildPhase;
			buildActionMask = 2147483647;
			files = (
			);
			runOnlyForDeploymentPostprocessing = 0;
		};
/* End PBXFrameworksBuildPhase section */

/* Begin PBXGroup section */
		69912FAC22CE920D00841E77 = {
			isa = PBXGroup;
			children = (
				69912FB722CE920D00841E77 /* AutoLayout1 */,
				69912FCC22CE920F00841E77 /* AutoLayout1Tests */,
				69912FD722CE920F00841E77 /* AutoLayout1UITests */,
				69912FB622CE920D00841E77 /* Products */,
			);
			sourceTree = "<group>";
		};
		69912FB622CE920D00841E77 /* Products */ = {
			isa = PBXGroup;
			children = (
				69912FB522CE920D00841E77 /* AutoLayout1.app */,
				69912FC922CE920F00841E77 /* AutoLayout1Tests.xctest */,
				69912FD422CE920F00841E77 /* AutoLayout1UITests.xctest */,
			);
			name = Products;
			sourceTree = "<group>";
		};
		69912FB722CE920D00841E77 /* AutoLayout1 */ = {
			isa = PBXGroup;
			children = (
				69912FB822CE920D00841E77 /* AppDelegate.swift */,
				69912FBA22CE920D00841E77 /* ViewController.swift */,
				69912FBC22CE920D00841E77 /* Main.storyboard */,
				69912FBF22CE920F00841E77 /* Assets.xcassets */,
				69912FC122CE920F00841E77 /* LaunchScreen.storyboard */,
				69912FC422CE920F00841E77 /* Info.plist */,
			);
			path = AutoLayout1;
			sourceTree = "<group>";
		};
		69912FCC22CE920F00841E77 /* AutoLayout1Tests */ = {
			isa = PBXGroup;
			children = (
				69912FCD22CE920F00841E77 /* AutoLayout1Tests.swift */,
				69912FCF22CE920F00841E77 /* Info.plist */,
			);
			path = AutoLayout1Tests;
			sourceTree = "<group>";
		};
		69912FD722CE920F00841E77 /* AutoLayout1UITests */ = {
			isa = PBXGroup;
			children = (
				69912FD822CE920F00841E77 /* AutoLayout1UITests.swift */,
				69912FDA22CE920F00841E77 /* Info.plist */,
			);
			path = AutoLayout1UITests;
			sourceTree = "<group>";
		};
/* End PBXGroup section */

/* Begin PBXNativeTarget section */
		69912FB422CE920D00841E77 /* AutoLayout1 */ = {
			isa = PBXNativeTarget;
			buildConfigurationList = 69912FDD22CE920F00841E77 /* Build configuration list for PBXNativeTarget "AutoLayout1" */;
			buildPhases = (
				69912FB122CE920D00841E77 /* Sources */,
				69912FB222CE920D00841E77 /* Frameworks */,
				69912FB322CE920D00841E77 /* Resources */,
			);
			buildRules = (
			);
			dependencies = (
			);
			name = AutoLayout1;
			productName = AutoLayout1;
			productReference = 69912FB522CE920D00841E77 /* AutoLayout1.app */;
			productType = "com.apple.product-type.application";
		};
		69912FC822CE920F00841E77 /* AutoLayout1Tests */ = {
			isa = PBXNativeTarget;
			buildConfigurationList = 69912FE022CE920F00841E77 /* Build configuration list for PBXNativeTarget "AutoLayout1Tests" */;
			buildPhases = (
				69912FC522CE920F00841E77 /* Sources */,
				69912FC622CE920F00841E77 /* Frameworks */,
				69912FC722CE920F00841E77 /* Resources */,
			);
			buildRules = (
			);
			dependencies = (
				69912FCB22CE920F00841E77 /* PBXTargetDependency */,
			);
			name = AutoLayout1Tests;
			productName = AutoLayout1Tests;
			productReference = 69912FC922CE920F00841E77 /* AutoLayout1Tests.xctest */;
			productType = "com.apple.product-type.bundle.unit-test";
		};
		69912FD322CE920F00841E77 /* AutoLayout1UITests */ = {
			isa = PBXNativeTarget;
			buildConfigurationList = 69912FE322CE920F00841E77 /* Build configuration list for PBXNativeTarget "AutoLayout1UITests" */;
			buildPhases = (
				69912FD022CE920F00841E77 /* Sources */,
				69912FD122CE920F00841E77 /* Frameworks */,
				69912FD222CE920F00841E77 /* Resources */,
			);
			buildRules = (
			);
			dependencies = (
				69912FD622CE920F00841E77 /* PBXTargetDependency */,
			);
			name = AutoLayout1UITests;
			productName = AutoLayout1UITests;
			productReference = 69912FD422CE920F00841E77 /* AutoLayout1UITests.xctest */;
			productType = "com.apple.product-type.bundle.ui-testing";
		};
/* End PBXNativeTarget section */

/* Begin PBXProject section */
		69912FAD22CE920D00841E77 /* Project object */ = {
			isa = PBXProject;
			attributes = {
				LastSwiftUpdateCheck = 1020;
				LastUpgradeCheck = 1020;
				ORGANIZATIONNAME = "Murilo Teixeira";
				TargetAttributes = {
					69912FB422CE920D00841E77 = {
						CreatedOnToolsVersion = 10.2.1;
					};
					69912FC822CE920F00841E77 = {
						CreatedOnToolsVersion = 10.2.1;
						TestTargetID = 69912FB422CE920D00841E77;
					};
					69912FD322CE920F00841E77 = {
						CreatedOnToolsVersion = 10.2.1;
						TestTargetID = 69912FB422CE920D00841E77;
					};
				};
			};
			buildConfigurationList = 69912FB022CE920D00841E77 /* Build configuration list for PBXProject "AutoLayout1" */;
			compatibilityVersion = "Xcode 9.3";
			developmentRegion = en;
			hasScannedForEncodings = 0;
			knownRegions = (
				en,
				Base,
			);
			mainGroup = 69912FAC22CE920D00841E77;
			productRefGroup = 69912FB622CE920D00841E77 /* Products */;
			projectDirPath = "";
			projectRoot = "";
			targets = (
				69912FB422CE920D00841E77 /* AutoLayout1 */,
				69912FC822CE920F00841E77 /* AutoLayout1Tests */,
				69912FD322CE920F00841E77 /* AutoLayout1UITests */,
			);
		};
/* End PBXProject section */

/* Begin PBXResourcesBuildPhase section */
		69912FB322CE920D00841E77 /* Resources */ = {
			isa = PBXResourcesBuildPhase;
			buildActionMask = 2147483647;
			files = (
				69912FC322CE920F00841E77 /* LaunchScreen.storyboard in Resources */,
				69912FC022CE920F00841E77 /* Assets.xcassets in Resources */,
				69912FBE22CE920D00841E77 /* Main.storyboard in Resources */,
			);
			runOnlyForDeploymentPostprocessing = 0;
		};
		69912FC722CE920F00841E77 /* Resources */ = {
			isa = PBXResourcesBuildPhase;
			buildActionMask = 2147483647;
			files = (
			);
			runOnlyForDeploymentPostprocessing = 0;
		};
		69912FD222CE920F00841E77 /* Resources */ = {
			isa = PBXResourcesBuildPhase;
			buildActionMask = 2147483647;
			files = (
			);
			runOnlyForDeploymentPostprocessing = 0;
		};
/* End PBXResourcesBuildPhase section */

/* Begin PBXSourcesBuildPhase section */
		69912FB122CE920D00841E77 /* Sources */ = {
			isa = PBXSourcesBuildPhase;
			buildActionMask = 2147483647;
			files = (
				69912FBB22CE920D00841E77 /* ViewController.swift in Sources */,
				69912FB922CE920D00841E77 /* AppDelegate.swift in Sources */,
			);
			runOnlyForDeploymentPostprocessing = 0;
		};
		69912FC522CE920F00841E77 /* Sources */ = {
			isa = PBXSourcesBuildPhase;
			buildActionMask = 2147483647;
			files = (
				69912FCE22CE920F00841E77 /* AutoLayout1Tests.swift in Sources */,
			);
			runOnlyForDeploymentPostprocessing = 0;
		};
		69912FD022CE920F00841E77 /* Sources */ = {
			isa = PBXSourcesBuildPhase;
			buildActionMask = 2147483647;
			files = (
				69912FD922CE920F00841E77 /* AutoLayout1UITests.swift in Sources */,
			);
			runOnlyForDeploymentPostprocessing = 0;
		};
/* End PBXSourcesBuildPhase section */

/* Begin PBXTargetDependency section */
		69912FCB22CE920F00841E77 /* PBXTargetDependency */ = {
			isa = PBXTargetDependency;
			target = 69912FB422CE920D00841E77 /* AutoLayout1 */;
			targetProxy = 69912FCA22CE920F00841E77 /* PBXContainerItemProxy */;
		};
		69912FD622CE920F00841E77 /* PBXTargetDependency */ = {
			isa = PBXTargetDependency;
			target = 69912FB422CE920D00841E77 /* AutoLayout1 */;
			targetProxy = 69912FD522CE920F00841E77 /* PBXContainerItemProxy */;
		};
/* End PBXTargetDependency section */

/* Begin PBXVariantGroup section */
		69912FBC22CE920D00841E77 /* Main.storyboard */ = {
			isa = PBXVariantGroup;
			children = (
				69912FBD22CE920D00841E77 /* Base */,
			);
			name = Main.storyboard;
			sourceTree = "<group>";
		};
		69912FC122CE920F00841E77 /* LaunchScreen.storyboard */ = {
			isa = PBXVariantGroup;
			children = (
				69912FC222CE920F00841E77 /* Base */,
			);
			name = LaunchScreen.storyboard;
			sourceTree = "<group>";
		};
/* End PBXVariantGroup section */

/* Begin XCBuildConfiguration section */
		69912FDB22CE920F00841E77 /* Debug */ = {
			isa = XCBuildConfiguration;
			buildSettings = {
				ALWAYS_SEARCH_USER_PATHS = NO;
				CLANG_ANALYZER_NONNULL = YES;
				CLANG_ANALYZER_NUMBER_OBJECT_CONVERSION = YES_AGGRESSIVE;
				CLANG_CXX_LANGUAGE_STANDARD = "gnu++14";
				CLANG_CXX_LIBRARY = "libc++";
				CLANG_ENABLE_MODULES = YES;
				CLANG_ENABLE_OBJC_ARC = YES;
				CLANG_ENABLE_OBJC_WEAK = YES;
				CLANG_WARN_BLOCK_CAPTURE_AUTORELEASING = YES;
				CLANG_WARN_BOOL_CONVERSION = YES;
				CLANG_WARN_COMMA = YES;
				CLANG_WARN_CONSTANT_CONVERSION = YES;
				CLANG_WARN_DEPRECATED_OBJC_IMPLEMENTATIONS = YES;
				CLANG_WARN_DIRECT_OBJC_ISA_USAGE = YES_ERROR;
				CLANG_WARN_DOCUMENTATION_COMMENTS = YES;
				CLANG_WARN_EMPTY_BODY = YES;
				CLANG_WARN_ENUM_CONVERSION = YES;
				CLANG_WARN_INFINITE_RECURSION = YES;
				CLANG_WARN_INT_CONVERSION = YES;
				CLANG_WARN_NON_LITERAL_NULL_CONVERSION = YES;
				CLANG_WARN_OBJC_IMPLICIT_RETAIN_SELF = YES;
				CLANG_WARN_OBJC_LITERAL_CONVERSION = YES;
				CLANG_WARN_OBJC_ROOT_CLASS = YES_ERROR;
				CLANG_WARN_RANGE_LOOP_ANALYSIS = YES;
				CLANG_WARN_STRICT_PROTOTYPES = YES;
				CLANG_WARN_SUSPICIOUS_MOVE = YES;
				CLANG_WARN_UNGUARDED_AVAILABILITY = YES_AGGRESSIVE;
				CLANG_WARN_UNREACHABLE_CODE = YES;
				CLANG_WARN__DUPLICATE_METHOD_MATCH = YES;
				CODE_SIGN_IDENTITY = "iPhone Developer";
				COPY_PHASE_STRIP = NO;
				DEBUG_INFORMATION_FORMAT = dwarf;
				ENABLE_STRICT_OBJC_MSGSEND = YES;
				ENABLE_TESTABILITY = YES;
				GCC_C_LANGUAGE_STANDARD = gnu11;
				GCC_DYNAMIC_NO_PIC = NO;
				GCC_NO_COMMON_BLOCKS = YES;
				GCC_OPTIMIZATION_LEVEL = 0;
				GCC_PREPROCESSOR_DEFINITIONS = (
					"DEBUG=1",
					"$(inherited)",
				);
				GCC_WARN_64_TO_32_BIT_CONVERSION = YES;
				GCC_WARN_ABOUT_RETURN_TYPE = YES_ERROR;
				GCC_WARN_UNDECLARED_SELECTOR = YES;
				GCC_WARN_UNINITIALIZED_AUTOS = YES_AGGRESSIVE;
				GCC_WARN_UNUSED_FUNCTION = YES;
				GCC_WARN_UNUSED_VARIABLE = YES;
				IPHONEOS_DEPLOYMENT_TARGET = 12.2;
				MTL_ENABLE_DEBUG_INFO = INCLUDE_SOURCE;
				MTL_FAST_MATH = YES;
				ONLY_ACTIVE_ARCH = YES;
				SDKROOT = iphoneos;
				SWIFT_ACTIVE_COMPILATION_CONDITIONS = DEBUG;
				SWIFT_OPTIMIZATION_LEVEL = "-Onone";
			};
			name = Debug;
		};
		69912FDC22CE920F00841E77 /* Release */ = {
			isa = XCBuildConfiguration;
			buildSettings = {
				ALWAYS_SEARCH_USER_PATHS = NO;
				CLANG_ANALYZER_NONNULL = YES;
				CLANG_ANALYZER_NUMBER_OBJECT_CONVERSION = YES_AGGRESSIVE;
				CLANG_CXX_LANGUAGE_STANDARD = "gnu++14";
				CLANG_CXX_LIBRARY = "libc++";
				CLANG_ENABLE_MODULES = YES;
				CLANG_ENABLE_OBJC_ARC = YES;
				CLANG_ENABLE_OBJC_WEAK = YES;
				CLANG_WARN_BLOCK_CAPTURE_AUTORELEASING = YES;
				CLANG_WARN_BOOL_CONVERSION = YES;
				CLANG_WARN_COMMA = YES;
				CLANG_WARN_CONSTANT_CONVERSION = YES;
				CLANG_WARN_DEPRECATED_OBJC_IMPLEMENTATIONS = YES;
				CLANG_WARN_DIRECT_OBJC_ISA_USAGE = YES_ERROR;
				CLANG_WARN_DOCUMENTATION_COMMENTS = YES;
				CLANG_WARN_EMPTY_BODY = YES;
				CLANG_WARN_ENUM_CONVERSION = YES;
				CLANG_WARN_INFINITE_RECURSION = YES;
				CLANG_WARN_INT_CONVERSION = YES;
				CLANG_WARN_NON_LITERAL_NULL_CONVERSION = YES;
				CLANG_WARN_OBJC_IMPLICIT_RETAIN_SELF = YES;
				CLANG_WARN_OBJC_LITERAL_CONVERSION = YES;
				CLANG_WARN_OBJC_ROOT_CLASS = YES_ERROR;
				CLANG_WARN_RANGE_LOOP_ANALYSIS = YES;
				CLANG_WARN_STRICT_PROTOTYPES = YES;
				CLANG_WARN_SUSPICIOUS_MOVE = YES;
				CLANG_WARN_UNGUARDED_AVAILABILITY = YES_AGGRESSIVE;
				CLANG_WARN_UNREACHABLE_CODE = YES;
				CLANG_WARN__DUPLICATE_METHOD_MATCH = YES;
				CODE_SIGN_IDENTITY = "iPhone Developer";
				COPY_PHASE_STRIP = NO;
				DEBUG_INFORMATION_FORMAT = "dwarf-with-dsym";
				ENABLE_NS_ASSERTIONS = NO;
				ENABLE_STRICT_OBJC_MSGSEND = YES;
				GCC_C_LANGUAGE_STANDARD = gnu11;
				GCC_NO_COMMON_BLOCKS = YES;
				GCC_WARN_64_TO_32_BIT_CONVERSION = YES;
				GCC_WARN_ABOUT_RETURN_TYPE = YES_ERROR;
				GCC_WARN_UNDECLARED_SELECTOR = YES;
				GCC_WARN_UNINITIALIZED_AUTOS = YES_AGGRESSIVE;
				GCC_WARN_UNUSED_FUNCTION = YES;
				GCC_WARN_UNUSED_VARIABLE = YES;
				IPHONEOS_DEPLOYMENT_TARGET = 12.2;
				MTL_ENABLE_DEBUG_INFO = NO;
				MTL_FAST_MATH = YES;
				SDKROOT = iphoneos;
				SWIFT_COMPILATION_MODE = wholemodule;
				SWIFT_OPTIMIZATION_LEVEL = "-O";
				VALIDATE_PRODUCT = YES;
			};
			name = Release;
		};
		69912FDE22CE920F00841E77 /* Debug */ = {
			isa = XCBuildConfiguration;
			buildSettings = {
				ASSETCATALOG_COMPILER_APPICON_NAME = AppIcon;
				CODE_SIGN_STYLE = Automatic;
				DEVELOPMENT_TEAM = 6R4QWP27L3;
				INFOPLIST_FILE = AutoLayout1/Info.plist;
				LD_RUNPATH_SEARCH_PATHS = (
					"$(inherited)",
					"@executable_path/Frameworks",
				);
				PRODUCT_BUNDLE_IDENTIFIER = com.teixeira.murilo.AutoLayout1;
				PRODUCT_NAME = "$(TARGET_NAME)";
				SWIFT_VERSION = 5.0;
				TARGETED_DEVICE_FAMILY = "1,2";
			};
			name = Debug;
		};
		69912FDF22CE920F00841E77 /* Release */ = {
			isa = XCBuildConfiguration;
			buildSettings = {
				ASSETCATALOG_COMPILER_APPICON_NAME = AppIcon;
				CODE_SIGN_STYLE = Automatic;
				DEVELOPMENT_TEAM = 6R4QWP27L3;
				INFOPLIST_FILE = AutoLayout1/Info.plist;
				LD_RUNPATH_SEARCH_PATHS = (
					"$(inherited)",
					"@executable_path/Frameworks",
				);
				PRODUCT_BUNDLE_IDENTIFIER = com.teixeira.murilo.AutoLayout1;
				PRODUCT_NAME = "$(TARGET_NAME)";
				SWIFT_VERSION = 5.0;
				TARGETED_DEVICE_FAMILY = "1,2";
			};
			name = Release;
		};
		69912FE122CE920F00841E77 /* Debug */ = {
			isa = XCBuildConfiguration;
			buildSettings = {
				ALWAYS_EMBED_SWIFT_STANDARD_LIBRARIES = YES;
				BUNDLE_LOADER = "$(TEST_HOST)";
				CODE_SIGN_STYLE = Automatic;
				DEVELOPMENT_TEAM = 6R4QWP27L3;
				INFOPLIST_FILE = AutoLayout1Tests/Info.plist;
				LD_RUNPATH_SEARCH_PATHS = (
					"$(inherited)",
					"@executable_path/Frameworks",
					"@loader_path/Frameworks",
				);
				PRODUCT_BUNDLE_IDENTIFIER = com.teixeira.murilo.AutoLayout1Tests;
				PRODUCT_NAME = "$(TARGET_NAME)";
				SWIFT_VERSION = 5.0;
				TARGETED_DEVICE_FAMILY = "1,2";
				TEST_HOST = "$(BUILT_PRODUCTS_DIR)/AutoLayout1.app/AutoLayout1";
			};
			name = Debug;
		};
		69912FE222CE920F00841E77 /* Release */ = {
			isa = XCBuildConfiguration;
			buildSettings = {
				ALWAYS_EMBED_SWIFT_STANDARD_LIBRARIES = YES;
				BUNDLE_LOADER = "$(TEST_HOST)";
				CODE_SIGN_STYLE = Automatic;
				DEVELOPMENT_TEAM = 6R4QWP27L3;
				INFOPLIST_FILE = AutoLayout1Tests/Info.plist;
				LD_RUNPATH_SEARCH_PATHS = (
					"$(inherited)",
					"@executable_path/Frameworks",
					"@loader_path/Frameworks",
				);
				PRODUCT_BUNDLE_IDENTIFIER = com.teixeira.murilo.AutoLayout1Tests;
				PRODUCT_NAME = "$(TARGET_NAME)";
				SWIFT_VERSION = 5.0;
				TARGETED_DEVICE_FAMILY = "1,2";
				TEST_HOST = "$(BUILT_PRODUCTS_DIR)/AutoLayout1.app/AutoLayout1";
			};
			name = Release;
		};
		69912FE422CE920F00841E77 /* Debug */ = {
			isa = XCBuildConfiguration;
			buildSettings = {
				ALWAYS_EMBED_SWIFT_STANDARD_LIBRARIES = YES;
				CODE_SIGN_STYLE = Automatic;
				DEVELOPMENT_TEAM = 6R4QWP27L3;
				INFOPLIST_FILE = AutoLayout1UITests/Info.plist;
				LD_RUNPATH_SEARCH_PATHS = (
					"$(inherited)",
					"@executable_path/Frameworks",
					"@loader_path/Frameworks",
				);
				PRODUCT_BUNDLE_IDENTIFIER = com.teixeira.murilo.AutoLayout1UITests;
				PRODUCT_NAME = "$(TARGET_NAME)";
				SWIFT_VERSION = 5.0;
				TARGETED_DEVICE_FAMILY = "1,2";
				TEST_TARGET_NAME = AutoLayout1;
			};
			name = Debug;
		};
		69912FE522CE920F00841E77 /* Release */ = {
			isa = XCBuildConfiguration;
			buildSettings = {
				ALWAYS_EMBED_SWIFT_STANDARD_LIBRARIES = YES;
				CODE_SIGN_STYLE = Automatic;
				DEVELOPMENT_TEAM = 6R4QWP27L3;
				INFOPLIST_FILE = AutoLayout1UITests/Info.plist;
				LD_RUNPATH_SEARCH_PATHS = (
					"$(inherited)",
					"@executable_path/Frameworks",
					"@loader_path/Frameworks",
				);
				PRODUCT_BUNDLE_IDENTIFIER = com.teixeira.murilo.AutoLayout1UITests;
				PRODUCT_NAME = "$(TARGET_NAME)";
				SWIFT_VERSION = 5.0;
				TARGETED_DEVICE_FAMILY = "1,2";
				TEST_TARGET_NAME = AutoLayout1;
			};
			name = Release;
		};
/* End XCBuildConfiguration section */

/* Begin XCConfigurationList section */
		69912FB022CE920D00841E77 /* Build configuration list for PBXProject "AutoLayout1" */ = {
			isa = XCConfigurationList;
			buildConfigurations = (
				69912FDB22CE920F00841E77 /* Debug */,
				69912FDC22CE920F00841E77 /* Release */,
			);
			defaultConfigurationIsVisible = 0;
			defaultConfigurationName = Release;
		};
		69912FDD22CE920F00841E77 /* Build configuration list for PBXNativeTarget "AutoLayout1" */ = {
			isa = XCConfigurationList;
			buildConfigurations = (
				69912FDE22CE920F00841E77 /* Debug */,
				69912FDF22CE920F00841E77 /* Release */,
			);
			defaultConfigurationIsVisible = 0;
			defaultConfigurationName = Release;
		};
		69912FE022CE920F00841E77 /* Build configuration list for PBXNativeTarget "AutoLayout1Tests" */ = {
			isa = XCConfigurationList;
			buildConfigurations = (
				69912FE122CE920F00841E77 /* Debug */,
				69912FE222CE920F00841E77 /* Release */,
			);
			defaultConfigurationIsVisible = 0;
			defaultConfigurationName = Release;
		};
		69912FE322CE920F00841E77 /* Build configuration list for PBXNativeTarget "AutoLayout1UITests" */ = {
			isa = XCConfigurationList;
			buildConfigurations = (
				69912FE422CE920F00841E77 /* Debug */,
				69912FE522CE920F00841E77 /* Release */,
			);
			defaultConfigurationIsVisible = 0;
			defaultConfigurationName = Release;
		};
/* End XCConfigurationList section */
	};
	rootObject = 69912FAD22CE920D00841E77 /* Project object */;
}
